
Microsoft Visual Studio Solution File, Format Version 12.00
# Visual Studio 15
VisualStudioVersion = 15.0.28307.572
MinimumVisualStudioVersion = 10.0.40219.1
Project("{FAE04EC0-301F-11D3-BF4B-00C04F79EFBC}") = "SharedKernel", "SharedKernel\SharedKernel.csproj", "{8D5F94D3-A2EA-4751-9C18-C52AE2EA5FF8}"
EndProject
Project("{FAE04EC0-301F-11D3-BF4B-00C04F79EFBC}") = "SharedKernel.Data", "SharedKernel.Data\SharedKernel.Data.csproj", "{A274A4BC-31B6-4F01-AF13-005F74C0659F}"
EndProject
Project("{FAE04EC0-301F-11D3-BF4B-00C04F79EFBC}") = "JBJJApp.Web", "JBJJApp.Web\JBJJApp.Web.csproj", "{04EFC059-06F8-4555-959B-487BB92F84B9}"
EndProject
Project("{FAE04EC0-301F-11D3-BF4B-00C04F79EFBC}") = "JBJJApp.Web.ViewModels", "JBJJApp.Web.ViewModels\JBJJApp.Web.ViewModels.csproj", "{FE294764-6757-47F5-8FCA-9DDB472519D0}"
EndProject
Project("{2150E333-8FDC-42A3-9474-1A3956D46DE8}") = "BC_DayAtDojo", "BC_DayAtDojo", "{FFF47649-872C-423E-8241-06CB6AFC20B7}"
EndProject
Project("{2150E333-8FDC-42A3-9474-1A3956D46DE8}") = "Data", "Data", "{64E4866F-2A16-4C55-85D6-D4934C0CF127}"
EndProject
Project("{2150E333-8FDC-42A3-9474-1A3956D46DE8}") = "Domain", "Domain", "{3EBB9F99-4A4C-43F1-BC2E-7BE6BBA9A8DC}"
EndProject
Project("{2150E333-8FDC-42A3-9474-1A3956D46DE8}") = "Tests", "Tests", "{32D5CC3E-E3AF-4401-BBAD-62BF2717AA9D}"
EndProject
Project("{2150E333-8FDC-42A3-9474-1A3956D46DE8}") = "BC_Schedule", "BC_Schedule", "{AEA7C07D-F634-4734-B18B-7588678D7FA5}"
EndProject
Project("{2150E333-8FDC-42A3-9474-1A3956D46DE8}") = "Data", "Data", "{35B5AACD-3F32-4451-9747-957FF100BB01}"
EndProject
Project("{2150E333-8FDC-42A3-9474-1A3956D46DE8}") = "Domain", "Domain", "{AA95CEA3-ECB8-409F-920D-5208E0B009BD}"
EndProject
Project("{2150E333-8FDC-42A3-9474-1A3956D46DE8}") = "Tests", "Tests", "{F83829A9-5381-4178-9B1D-02D803FDB9DC}"
EndProject
Project("{2150E333-8FDC-42A3-9474-1A3956D46DE8}") = "BC_Student", "BC_Student", "{F956A89E-40AC-4C3E-BC78-A71AACBC55BE}"
EndProject
Project("{2150E333-8FDC-42A3-9474-1A3956D46DE8}") = "Data", "Data", "{AF9CCC52-1CC0-4047-A861-246DDB718B94}"
EndProject
Project("{2150E333-8FDC-42A3-9474-1A3956D46DE8}") = "Domain", "Domain", "{54C67C5D-E401-4E7C-AC9E-DB7961C7F630}"
EndProject
Project("{2150E333-8FDC-42A3-9474-1A3956D46DE8}") = "Tests", "Tests", "{262B27D1-1930-408D-9B57-148F602EF253}"
EndProject
Project("{2150E333-8FDC-42A3-9474-1A3956D46DE8}") = "SharedKernal", "SharedKernal", "{20AB5749-4EFD-4305-A229-F74893F3B270}"
EndProject
Project("{FAE04EC0-301F-11D3-BF4B-00C04F79EFBC}") = "Schedule.Domain", "Schedule.Domain\Schedule.Domain.csproj", "{E9F24DA8-4E98-428B-A060-6C4E363CB79B}"
EndProject
Project("{FAE04EC0-301F-11D3-BF4B-00C04F79EFBC}") = "Schedule.Data", "Schedule.Data\Schedule.Data.csproj", "{D3400016-FD65-4DD6-AA9A-1F2340E55FD5}"
EndProject
Project("{FAE04EC0-301F-11D3-BF4B-00C04F79EFBC}") = "Student.Domain", "Student.Domain\Student.Domain.csproj", "{04D3AFAD-C7B7-4FC0-B90C-DA5ECFF899E5}"
EndProject
Project("{FAE04EC0-301F-11D3-BF4B-00C04F79EFBC}") = "Student.Data", "Student.Data\Student.Data.csproj", "{8B432A84-4C40-427F-8366-CD14DB3CB22E}"
EndProject
Project("{FAE04EC0-301F-11D3-BF4B-00C04F79EFBC}") = "DayAtDojo.Domain", "DayAtDojo.Domain\DayAtDojo.Domain.csproj", "{2569E7F9-E20A-45BF-A006-7FD19D0766AA}"
EndProject
Project("{FAE04EC0-301F-11D3-BF4B-00C04F79EFBC}") = "DayAtDojo.Data", "DayAtDojo.Data\DayAtDojo.Data.csproj", "{FDA8320C-BA7F-45E5-86B0-266E0D27EA55}"
EndProject
Project("{FAE04EC0-301F-11D3-BF4B-00C04F79EFBC}") = "DayAtDojo.Data.IntegrationTests", "DayAtDojo.Data.IntegrationTests\DayAtDojo.Data.IntegrationTests.csproj", "{3872AC23-DD2F-4F72-BE28-EC990235E9F9}"
EndProject
Project("{FAE04EC0-301F-11D3-BF4B-00C04F79EFBC}") = "Schedule.Data.IntegrationTests", "Schedule.Data.IntegrationTests\Schedule.Data.IntegrationTests.csproj", "{7FDBBD3D-2F73-4869-A1A0-22D8084DE9D6}"
EndProject
Project("{FAE04EC0-301F-11D3-BF4B-00C04F79EFBC}") = "Student.Data.IntegrationTests", "Student.Data.IntegrationTests\Student.Data.IntegrationTests.csproj", "{6037CE6C-E45A-4677-8F93-E34B8DFF3BA0}"
EndProject
Project("{FAE04EC0-301F-11D3-BF4B-00C04F79EFBC}") = "DesignTimeHelpers", "DesignTimeHelpers\DesignTimeHelpers.csproj", "{0E188C4D-B3B7-4F57-97BE-D8C32FE49A33}"
EndProject
Global
	GlobalSection(SolutionConfigurationPlatforms) = preSolution
		Debug|Any CPU = Debug|Any CPU
		Release|Any CPU = Release|Any CPU
	EndGlobalSection
	GlobalSection(ProjectConfigurationPlatforms) = postSolution
		{8D5F94D3-A2EA-4751-9C18-C52AE2EA5FF8}.Debug|Any CPU.ActiveCfg = Debug|Any CPU
		{8D5F94D3-A2EA-4751-9C18-C52AE2EA5FF8}.Debug|Any CPU.Build.0 = Debug|Any CPU
		{8D5F94D3-A2EA-4751-9C18-C52AE2EA5FF8}.Release|Any CPU.ActiveCfg = Release|Any CPU
		{8D5F94D3-A2EA-4751-9C18-C52AE2EA5FF8}.Release|Any CPU.Build.0 = Release|Any CPU
		{A274A4BC-31B6-4F01-AF13-005F74C0659F}.Debug|Any CPU.ActiveCfg = Debug|Any CPU
		{A274A4BC-31B6-4F01-AF13-005F74C0659F}.Debug|Any CPU.Build.0 = Debug|Any CPU
		{A274A4BC-31B6-4F01-AF13-005F74C0659F}.Release|Any CPU.ActiveCfg = Release|Any CPU
		{A274A4BC-31B6-4F01-AF13-005F74C0659F}.Release|Any CPU.Build.0 = Release|Any CPU
		{04EFC059-06F8-4555-959B-487BB92F84B9}.Debug|Any CPU.ActiveCfg = Debug|Any CPU
		{04EFC059-06F8-4555-959B-487BB92F84B9}.Debug|Any CPU.Build.0 = Debug|Any CPU
		{04EFC059-06F8-4555-959B-487BB92F84B9}.Release|Any CPU.ActiveCfg = Release|Any CPU
		{04EFC059-06F8-4555-959B-487BB92F84B9}.Release|Any CPU.Build.0 = Release|Any CPU
		{FE294764-6757-47F5-8FCA-9DDB472519D0}.Debug|Any CPU.ActiveCfg = Debug|Any CPU
		{FE294764-6757-47F5-8FCA-9DDB472519D0}.Debug|Any CPU.Build.0 = Debug|Any CPU
		{FE294764-6757-47F5-8FCA-9DDB472519D0}.Release|Any CPU.ActiveCfg = Release|Any CPU
		{FE294764-6757-47F5-8FCA-9DDB472519D0}.Release|Any CPU.Build.0 = Release|Any CPU
		{E9F24DA8-4E98-428B-A060-6C4E363CB79B}.Debug|Any CPU.ActiveCfg = Debug|Any CPU
		{E9F24DA8-4E98-428B-A060-6C4E363CB79B}.Debug|Any CPU.Build.0 = Debug|Any CPU
		{E9F24DA8-4E98-428B-A060-6C4E363CB79B}.Release|Any CPU.ActiveCfg = Release|Any CPU
		{E9F24DA8-4E98-428B-A060-6C4E363CB79B}.Release|Any CPU.Build.0 = Release|Any CPU
		{D3400016-FD65-4DD6-AA9A-1F2340E55FD5}.Debug|Any CPU.ActiveCfg = Debug|Any CPU
		{D3400016-FD65-4DD6-AA9A-1F2340E55FD5}.Debug|Any CPU.Build.0 = Debug|Any CPU
		{D3400016-FD65-4DD6-AA9A-1F2340E55FD5}.Release|Any CPU.ActiveCfg = Release|Any CPU
		{D3400016-FD65-4DD6-AA9A-1F2340E55FD5}.Release|Any CPU.Build.0 = Release|Any CPU
		{04D3AFAD-C7B7-4FC0-B90C-DA5ECFF899E5}.Debug|Any CPU.ActiveCfg = Debug|Any CPU
		{04D3AFAD-C7B7-4FC0-B90C-DA5ECFF899E5}.Debug|Any CPU.Build.0 = Debug|Any CPU
		{04D3AFAD-C7B7-4FC0-B90C-DA5ECFF899E5}.Release|Any CPU.ActiveCfg = Release|Any CPU
		{04D3AFAD-C7B7-4FC0-B90C-DA5ECFF899E5}.Release|Any CPU.Build.0 = Release|Any CPU
		{8B432A84-4C40-427F-8366-CD14DB3CB22E}.Debug|Any CPU.ActiveCfg = Debug|Any CPU
		{8B432A84-4C40-427F-8366-CD14DB3CB22E}.Debug|Any CPU.Build.0 = Debug|Any CPU
		{8B432A84-4C40-427F-8366-CD14DB3CB22E}.Release|Any CPU.ActiveCfg = Release|Any CPU
		{8B432A84-4C40-427F-8366-CD14DB3CB22E}.Release|Any CPU.Build.0 = Release|Any CPU
		{2569E7F9-E20A-45BF-A006-7FD19D0766AA}.Debug|Any CPU.ActiveCfg = Debug|Any CPU
		{2569E7F9-E20A-45BF-A006-7FD19D0766AA}.Debug|Any CPU.Build.0 = Debug|Any CPU
		{2569E7F9-E20A-45BF-A006-7FD19D0766AA}.Release|Any CPU.ActiveCfg = Release|Any CPU
		{2569E7F9-E20A-45BF-A006-7FD19D0766AA}.Release|Any CPU.Build.0 = Release|Any CPU
		{FDA8320C-BA7F-45E5-86B0-266E0D27EA55}.Debug|Any CPU.ActiveCfg = Debug|Any CPU
		{FDA8320C-BA7F-45E5-86B0-266E0D27EA55}.Debug|Any CPU.Build.0 = Debug|Any CPU
		{FDA8320C-BA7F-45E5-86B0-266E0D27EA55}.Release|Any CPU.ActiveCfg = Release|Any CPU
		{FDA8320C-BA7F-45E5-86B0-266E0D27EA55}.Release|Any CPU.Build.0 = Release|Any CPU
		{3872AC23-DD2F-4F72-BE28-EC990235E9F9}.Debug|Any CPU.ActiveCfg = Debug|Any CPU
		{3872AC23-DD2F-4F72-BE28-EC990235E9F9}.Debug|Any CPU.Build.0 = Debug|Any CPU
		{3872AC23-DD2F-4F72-BE28-EC990235E9F9}.Release|Any CPU.ActiveCfg = Release|Any CPU
		{3872AC23-DD2F-4F72-BE28-EC990235E9F9}.Release|Any CPU.Build.0 = Release|Any CPU
		{7FDBBD3D-2F73-4869-A1A0-22D8084DE9D6}.Debug|Any CPU.ActiveCfg = Debug|Any CPU
		{7FDBBD3D-2F73-4869-A1A0-22D8084DE9D6}.Debug|Any CPU.Build.0 = Debug|Any CPU
		{7FDBBD3D-2F73-4869-A1A0-22D8084DE9D6}.Release|Any CPU.ActiveCfg = Release|Any CPU
		{7FDBBD3D-2F73-4869-A1A0-22D8084DE9D6}.Release|Any CPU.Build.0 = Release|Any CPU
		{6037CE6C-E45A-4677-8F93-E34B8DFF3BA0}.Debug|Any CPU.ActiveCfg = Debug|Any CPU
		{6037CE6C-E45A-4677-8F93-E34B8DFF3BA0}.Debug|Any CPU.Build.0 = Debug|Any CPU
		{6037CE6C-E45A-4677-8F93-E34B8DFF3BA0}.Release|Any CPU.ActiveCfg = Release|Any CPU
		{6037CE6C-E45A-4677-8F93-E34B8DFF3BA0}.Release|Any CPU.Build.0 = Release|Any CPU
		{0E188C4D-B3B7-4F57-97BE-D8C32FE49A33}.Debug|Any CPU.ActiveCfg = Debug|Any CPU
		{0E188C4D-B3B7-4F57-97BE-D8C32FE49A33}.Debug|Any CPU.Build.0 = Debug|Any CPU
		{0E188C4D-B3B7-4F57-97BE-D8C32FE49A33}.Release|Any CPU.ActiveCfg = Release|Any CPU
		{0E188C4D-B3B7-4F57-97BE-D8C32FE49A33}.Release|Any CPU.Build.0 = Release|Any CPU
	EndGlobalSection
	GlobalSection(SolutionProperties) = preSolution
		HideSolutionNode = FALSE
	EndGlobalSection
	GlobalSection(NestedProjects) = preSolution
		{8D5F94D3-A2EA-4751-9C18-C52AE2EA5FF8} = {20AB5749-4EFD-4305-A229-F74893F3B270}
		{A274A4BC-31B6-4F01-AF13-005F74C0659F} = {20AB5749-4EFD-4305-A229-F74893F3B270}
		{64E4866F-2A16-4C55-85D6-D4934C0CF127} = {FFF47649-872C-423E-8241-06CB6AFC20B7}
		{3EBB9F99-4A4C-43F1-BC2E-7BE6BBA9A8DC} = {FFF47649-872C-423E-8241-06CB6AFC20B7}
		{32D5CC3E-E3AF-4401-BBAD-62BF2717AA9D} = {FFF47649-872C-423E-8241-06CB6AFC20B7}
		{35B5AACD-3F32-4451-9747-957FF100BB01} = {AEA7C07D-F634-4734-B18B-7588678D7FA5}
		{AA95CEA3-ECB8-409F-920D-5208E0B009BD} = {AEA7C07D-F634-4734-B18B-7588678D7FA5}
		{F83829A9-5381-4178-9B1D-02D803FDB9DC} = {AEA7C07D-F634-4734-B18B-7588678D7FA5}
		{AF9CCC52-1CC0-4047-A861-246DDB718B94} = {F956A89E-40AC-4C3E-BC78-A71AACBC55BE}
		{54C67C5D-E401-4E7C-AC9E-DB7961C7F630} = {F956A89E-40AC-4C3E-BC78-A71AACBC55BE}
		{262B27D1-1930-408D-9B57-148F602EF253} = {F956A89E-40AC-4C3E-BC78-A71AACBC55BE}
		{E9F24DA8-4E98-428B-A060-6C4E363CB79B} = {AA95CEA3-ECB8-409F-920D-5208E0B009BD}
		{D3400016-FD65-4DD6-AA9A-1F2340E55FD5} = {35B5AACD-3F32-4451-9747-957FF100BB01}
		{04D3AFAD-C7B7-4FC0-B90C-DA5ECFF899E5} = {54C67C5D-E401-4E7C-AC9E-DB7961C7F630}
		{8B432A84-4C40-427F-8366-CD14DB3CB22E} = {AF9CCC52-1CC0-4047-A861-246DDB718B94}
		{2569E7F9-E20A-45BF-A006-7FD19D0766AA} = {3EBB9F99-4A4C-43F1-BC2E-7BE6BBA9A8DC}
		{FDA8320C-BA7F-45E5-86B0-266E0D27EA55} = {64E4866F-2A16-4C55-85D6-D4934C0CF127}
		{3872AC23-DD2F-4F72-BE28-EC990235E9F9} = {32D5CC3E-E3AF-4401-BBAD-62BF2717AA9D}
		{7FDBBD3D-2F73-4869-A1A0-22D8084DE9D6} = {F83829A9-5381-4178-9B1D-02D803FDB9DC}
		{6037CE6C-E45A-4677-8F93-E34B8DFF3BA0} = {262B27D1-1930-408D-9B57-148F602EF253}
	EndGlobalSection
	GlobalSection(ExtensibilityGlobals) = postSolution
		SolutionGuid = {F5E5A0B3-A891-4B4B-BA88-61986BD29E63}
	EndGlobalSection
EndGlobal
